
Microsoft Visual Studio Solution File, Format Version 12.00
# Visual Studio 14
VisualStudioVersion = 14.0.25420.1
MinimumVisualStudioVersion = 10.0.40219.1
Project("{FAE04EC0-301F-11D3-BF4B-00C04F79EFBC}") = "WindowsFormsControlLibrary1", "WindowsFormsControlLibrary1\WindowsFormsControlLibrary1.csproj", "{9030118B-4009-4D32-A6DB-F4E6EBC1E549}"
EndProject
Project("{FAE04EC0-301F-11D3-BF4B-00C04F79EFBC}") = "WindowsFormsApplication1", "WindowsFormsApplication1\WindowsFormsApplication1.csproj", "{EC7B8788-5F5A-47DE-A5A2-79D0C595E617}"
EndProject
Global
	GlobalSection(SolutionConfigurationPlatforms) = preSolution
		Debug|Any CPU = Debug|Any CPU
		Release|Any CPU = Release|Any CPU
	EndGlobalSection
	GlobalSection(ProjectConfigurationPlatforms) = postSolution
		{9030118B-4009-4D32-A6DB-F4E6EBC1E549}.Debug|Any CPU.ActiveCfg = Debug|Any CPU
		{9030118B-4009-4D32-A6DB-F4E6EBC1E549}.Debug|Any CPU.Build.0 = Debug|Any CPU
		{9030118B-4009-4D32-A6DB-F4E6EBC1E549}.Release|Any CPU.ActiveCfg = Release|Any CPU
		{9030118B-4009-4D32-A6DB-F4E6EBC1E549}.Release|Any CPU.Build.0 = Release|Any CPU
		{EC7B8788-5F5A-47DE-A5A2-79D0C595E617}.Debug|Any CPU.ActiveCfg = Debug|Any CPU
		{EC7B8788-5F5A-47DE-A5A2-79D0C595E617}.Debug|Any CPU.Build.0 = Debug|Any CPU
		{EC7B8788-5F5A-47DE-A5A2-79D0C595E617}.Release|Any CPU.ActiveCfg = Release|Any CPU
		{EC7B8788-5F5A-47DE-A5A2-79D0C595E617}.Release|Any CPU.Build.0 = Release|Any CPU
	EndGlobalSection
	GlobalSection(SolutionProperties) = preSolution
		HideSolutionNode = FALSE
	EndGlobalSection
EndGlobal
